// !$*UTF8*$!
{
	archiveVersion = 1;
	classes = {
	};
	objectVersion = 46;
	objects = {

/* Begin PBXBuildFile section */
		0701DA911CD955D4002F9A2F /* VCEventos.swift in Sources */ = {isa = PBXBuildFile; fileRef = 0701DA901CD955D4002F9A2F /* VCEventos.swift */; };
		0701DA931CD9588A002F9A2F /* TVCEventos.swift in Sources */ = {isa = PBXBuildFile; fileRef = 0701DA921CD9588A002F9A2F /* TVCEventos.swift */; };
		073386791CC9281500C36602 /* VCMapa.swift in Sources */ = {isa = PBXBuildFile; fileRef = 073386781CC9281500C36602 /* VCMapa.swift */; };
		07A67B001CCA85E90021C5B7 /* VCMapaDos.swift in Sources */ = {isa = PBXBuildFile; fileRef = 07A67AFF1CCA85E90021C5B7 /* VCMapaDos.swift */; };
		07A67C041CCAC51E0021C5B7 /* WatchConnectivity.framework in Frameworks */ = {isa = PBXBuildFile; fileRef = 07A67C031CCAC51E0021C5B7 /* WatchConnectivity.framework */; };
		07C8F5D41CC6898A00A22DF0 /* AppDelegate.swift in Sources */ = {isa = PBXBuildFile; fileRef = 07C8F5D31CC6898A00A22DF0 /* AppDelegate.swift */; };
		07C8F5D61CC6898A00A22DF0 /* ViewController.swift in Sources */ = {isa = PBXBuildFile; fileRef = 07C8F5D51CC6898A00A22DF0 /* ViewController.swift */; };
		07C8F5D91CC6898A00A22DF0 /* Main.storyboard in Resources */ = {isa = PBXBuildFile; fileRef = 07C8F5D71CC6898A00A22DF0 /* Main.storyboard */; };
		07C8F5DC1CC6898A00A22DF0 /* ProyectoFinal1.xcdatamodeld in Sources */ = {isa = PBXBuildFile; fileRef = 07C8F5DA1CC6898A00A22DF0 /* ProyectoFinal1.xcdatamodeld */; };
		07C8F5DE1CC6898A00A22DF0 /* Assets.xcassets in Resources */ = {isa = PBXBuildFile; fileRef = 07C8F5DD1CC6898A00A22DF0 /* Assets.xcassets */; };
		07C8F5E11CC6898A00A22DF0 /* LaunchScreen.storyboard in Resources */ = {isa = PBXBuildFile; fileRef = 07C8F5DF1CC6898A00A22DF0 /* LaunchScreen.storyboard */; };
		07C8F5EC1CC6898A00A22DF0 /* ProyectoFinal1Tests.swift in Sources */ = {isa = PBXBuildFile; fileRef = 07C8F5EB1CC6898A00A22DF0 /* ProyectoFinal1Tests.swift */; };
		07C8F5F71CC6898A00A22DF0 /* ProyectoFinal1UITests.swift in Sources */ = {isa = PBXBuildFile; fileRef = 07C8F5F61CC6898A00A22DF0 /* ProyectoFinal1UITests.swift */; };
		07C8F61D1CC6E53500A22DF0 /* VC.swift in Sources */ = {isa = PBXBuildFile; fileRef = 07C8F61C1CC6E53500A22DF0 /* VC.swift */; };
		07C8F61F1CC6E54500A22DF0 /* VCP.swift in Sources */ = {isa = PBXBuildFile; fileRef = 07C8F61E1CC6E54500A22DF0 /* VCP.swift */; };
		07CB25741CD7B5E80006CD62 /* ARAnnotation.swift in Sources */ = {isa = PBXBuildFile; fileRef = 07CB256F1CD7B5E80006CD62 /* ARAnnotation.swift */; };
		07CB25751CD7B5E80006CD62 /* ARAnnotationView.swift in Sources */ = {isa = PBXBuildFile; fileRef = 07CB25701CD7B5E80006CD62 /* ARAnnotationView.swift */; };
		07CB25761CD7B5E80006CD62 /* ARConfiguration.swift in Sources */ = {isa = PBXBuildFile; fileRef = 07CB25711CD7B5E80006CD62 /* ARConfiguration.swift */; };
		07CB25771CD7B5E80006CD62 /* ARTrackingManager.swift in Sources */ = {isa = PBXBuildFile; fileRef = 07CB25721CD7B5E80006CD62 /* ARTrackingManager.swift */; };
		07CB25781CD7B5E80006CD62 /* ARViewController.swift in Sources */ = {isa = PBXBuildFile; fileRef = 07CB25731CD7B5E80006CD62 /* ARViewController.swift */; };
		07CB257B1CD7B5FC0006CD62 /* DebugMapViewController.swift in Sources */ = {isa = PBXBuildFile; fileRef = 07CB257A1CD7B5FC0006CD62 /* DebugMapViewController.swift */; };
		07CB25811CD7B62F0006CD62 /* DebugMapViewController.xib in Resources */ = {isa = PBXBuildFile; fileRef = 07CB257D1CD7B62F0006CD62 /* DebugMapViewController.xib */; };
		07CB25821CD7B62F0006CD62 /* hdar_close.png in Resources */ = {isa = PBXBuildFile; fileRef = 07CB257E1CD7B62F0006CD62 /* hdar_close.png */; };
		07CB25831CD7B62F0006CD62 /* hdar_close@2x.png in Resources */ = {isa = PBXBuildFile; fileRef = 07CB257F1CD7B62F0006CD62 /* hdar_close@2x.png */; };
		07CB25841CD7B62F0006CD62 /* hdar_close@3x.png in Resources */ = {isa = PBXBuildFile; fileRef = 07CB25801CD7B62F0006CD62 /* hdar_close@3x.png */; };
		07CB25861CD7B6E60006CD62 /* CoreLocation.framework in Frameworks */ = {isa = PBXBuildFile; fileRef = 07CB25851CD7B6E60006CD62 /* CoreLocation.framework */; };
		07CB25881CD7B6EC0006CD62 /* CoreMotion.framework in Frameworks */ = {isa = PBXBuildFile; fileRef = 07CB25871CD7B6EC0006CD62 /* CoreMotion.framework */; };
		07CB258A1CD7B6FC0006CD62 /* MapKit.framework in Frameworks */ = {isa = PBXBuildFile; fileRef = 07CB25891CD7B6FC0006CD62 /* MapKit.framework */; };
		07CB258C1CD7B8630006CD62 /* TestAnnotationView.swift in Sources */ = {isa = PBXBuildFile; fileRef = 07CB258B1CD7B8620006CD62 /* TestAnnotationView.swift */; };
		07F198F81CC7131F00B4627D /* Interface.storyboard in Resources */ = {isa = PBXBuildFile; fileRef = 07F198F61CC7131F00B4627D /* Interface.storyboard */; };
		07F198FA1CC7131F00B4627D /* Assets.xcassets in Resources */ = {isa = PBXBuildFile; fileRef = 07F198F91CC7131F00B4627D /* Assets.xcassets */; };
		07F199011CC7132000B4627D /* ProyectoFinal1W Extension.appex in Embed App Extensions */ = {isa = PBXBuildFile; fileRef = 07F199001CC7132000B4627D /* ProyectoFinal1W Extension.appex */; settings = {ATTRIBUTES = (RemoveHeadersOnCopy, ); }; };
		07F199081CC7132000B4627D /* InterfaceController.swift in Sources */ = {isa = PBXBuildFile; fileRef = 07F199071CC7132000B4627D /* InterfaceController.swift */; };
		07F1990A1CC7132000B4627D /* ExtensionDelegate.swift in Sources */ = {isa = PBXBuildFile; fileRef = 07F199091CC7132000B4627D /* ExtensionDelegate.swift */; };
		07F1990E1CC7132000B4627D /* Assets.xcassets in Resources */ = {isa = PBXBuildFile; fileRef = 07F1990D1CC7132000B4627D /* Assets.xcassets */; };
		07F199121CC7132000B4627D /* ProyectoFinal1W.app in Embed Watch Content */ = {isa = PBXBuildFile; fileRef = 07F198F41CC7131F00B4627D /* ProyectoFinal1W.app */; };
		07F1991E1CC7E01C00B4627D /* TVC.swift in Sources */ = {isa = PBXBuildFile; fileRef = 07F1991D1CC7E01C00B4627D /* TVC.swift */; };
		07F199201CC7E11200B4627D /* VCnuevo.swift in Sources */ = {isa = PBXBuildFile; fileRef = 07F1991F1CC7E11200B4627D /* VCnuevo.swift */; };
		07FF64E51CC6ECE900BBF594 /* NVC.swift in Sources */ = {isa = PBXBuildFile; fileRef = 07FF64E41CC6ECE900BBF594 /* NVC.swift */; };
/* End PBXBuildFile section */

/* Begin PBXContainerItemProxy section */
		07C8F5E81CC6898A00A22DF0 /* PBXContainerItemProxy */ = {
			isa = PBXContainerItemProxy;
			containerPortal = 07C8F5C81CC6898A00A22DF0 /* Project object */;
			proxyType = 1;
			remoteGlobalIDString = 07C8F5CF1CC6898A00A22DF0;
			remoteInfo = ProyectoFinal1;
		};
		07C8F5F31CC6898A00A22DF0 /* PBXContainerItemProxy */ = {
			isa = PBXContainerItemProxy;
			containerPortal = 07C8F5C81CC6898A00A22DF0 /* Project object */;
			proxyType = 1;
			remoteGlobalIDString = 07C8F5CF1CC6898A00A22DF0;
			remoteInfo = ProyectoFinal1;
		};
		07F199021CC7132000B4627D /* PBXContainerItemProxy */ = {
			isa = PBXContainerItemProxy;
			containerPortal = 07C8F5C81CC6898A00A22DF0 /* Project object */;
			proxyType = 1;
			remoteGlobalIDString = 07F198FF1CC7132000B4627D;
			remoteInfo = "ProyectoFinal1W Extension";
		};
		07F199101CC7132000B4627D /* PBXContainerItemProxy */ = {
			isa = PBXContainerItemProxy;
			containerPortal = 07C8F5C81CC6898A00A22DF0 /* Project object */;
			proxyType = 1;
			remoteGlobalIDString = 07F198F31CC7131F00B4627D;
			remoteInfo = ProyectoFinal1W;
		};
/* End PBXContainerItemProxy section */

/* Begin PBXCopyFilesBuildPhase section */
		07F199181CC7132000B4627D /* Embed App Extensions */ = {
			isa = PBXCopyFilesBuildPhase;
			buildActionMask = 2147483647;
			dstPath = "";
			dstSubfolderSpec = 13;
			files = (
				07F199011CC7132000B4627D /* ProyectoFinal1W Extension.appex in Embed App Extensions */,
			);
			name = "Embed App Extensions";
			runOnlyForDeploymentPostprocessing = 0;
		};
		07F1991A1CC7132000B4627D /* Embed Watch Content */ = {
			isa = PBXCopyFilesBuildPhase;
			buildActionMask = 2147483647;
			dstPath = "$(CONTENTS_FOLDER_PATH)/Watch";
			dstSubfolderSpec = 16;
			files = (
				07F199121CC7132000B4627D /* ProyectoFinal1W.app in Embed Watch Content */,
			);
			name = "Embed Watch Content";
			runOnlyForDeploymentPostprocessing = 0;
		};
/* End PBXCopyFilesBuildPhase section */

/* Begin PBXFileReference section */
		0701DA901CD955D4002F9A2F /* VCEventos.swift */ = {isa = PBXFileReference; fileEncoding = 4; lastKnownFileType = sourcecode.swift; path = VCEventos.swift; sourceTree = "<group>"; };
		0701DA921CD9588A002F9A2F /* TVCEventos.swift */ = {isa = PBXFileReference; fileEncoding = 4; lastKnownFileType = sourcecode.swift; path = TVCEventos.swift; sourceTree = "<group>"; };
		073386781CC9281500C36602 /* VCMapa.swift */ = {isa = PBXFileReference; fileEncoding = 4; lastKnownFileType = sourcecode.swift; path = VCMapa.swift; sourceTree = "<group>"; };
		07A67AFF1CCA85E90021C5B7 /* VCMapaDos.swift */ = {isa = PBXFileReference; fileEncoding = 4; lastKnownFileType = sourcecode.swift; path = VCMapaDos.swift; sourceTree = "<group>"; };
		07A67C011CCAC0F50021C5B7 /* ProyectoFinal1.entitlements */ = {isa = PBXFileReference; lastKnownFileType = text.xml; path = ProyectoFinal1.entitlements; sourceTree = "<group>"; };
		07A67C021CCAC21F0021C5B7 /* ProyectoFinal1W.entitlements */ = {isa = PBXFileReference; lastKnownFileType = text.xml; path = ProyectoFinal1W.entitlements; sourceTree = "<group>"; };
		07A67C031CCAC51E0021C5B7 /* WatchConnectivity.framework */ = {isa = PBXFileReference; lastKnownFileType = wrapper.framework; name = WatchConnectivity.framework; path = System/Library/Frameworks/WatchConnectivity.framework; sourceTree = SDKROOT; };
		07C8F5D01CC6898A00A22DF0 /* ProyectoFinal1.app */ = {isa = PBXFileReference; explicitFileType = wrapper.application; includeInIndex = 0; path = ProyectoFinal1.app; sourceTree = BUILT_PRODUCTS_DIR; };
		07C8F5D31CC6898A00A22DF0 /* AppDelegate.swift */ = {isa = PBXFileReference; lastKnownFileType = sourcecode.swift; path = AppDelegate.swift; sourceTree = "<group>"; };
		07C8F5D51CC6898A00A22DF0 /* ViewController.swift */ = {isa = PBXFileReference; lastKnownFileType = sourcecode.swift; path = ViewController.swift; sourceTree = "<group>"; };
		07C8F5D81CC6898A00A22DF0 /* Base */ = {isa = PBXFileReference; lastKnownFileType = file.storyboard; name = Base; path = Base.lproj/Main.storyboard; sourceTree = "<group>"; };
		07C8F5DB1CC6898A00A22DF0 /* ProyectoFinal1.xcdatamodel */ = {isa = PBXFileReference; lastKnownFileType = wrapper.xcdatamodel; path = ProyectoFinal1.xcdatamodel; sourceTree = "<group>"; };
		07C8F5DD1CC6898A00A22DF0 /* Assets.xcassets */ = {isa = PBXFileReference; lastKnownFileType = folder.assetcatalog; path = Assets.xcassets; sourceTree = "<group>"; };
		07C8F5E01CC6898A00A22DF0 /* Base */ = {isa = PBXFileReference; lastKnownFileType = file.storyboard; name = Base; path = Base.lproj/LaunchScreen.storyboard; sourceTree = "<group>"; };
		07C8F5E21CC6898A00A22DF0 /* Info.plist */ = {isa = PBXFileReference; lastKnownFileType = text.plist.xml; path = Info.plist; sourceTree = "<group>"; };
		07C8F5E71CC6898A00A22DF0 /* ProyectoFinal1Tests.xctest */ = {isa = PBXFileReference; explicitFileType = wrapper.cfbundle; includeInIndex = 0; path = ProyectoFinal1Tests.xctest; sourceTree = BUILT_PRODUCTS_DIR; };
		07C8F5EB1CC6898A00A22DF0 /* ProyectoFinal1Tests.swift */ = {isa = PBXFileReference; lastKnownFileType = sourcecode.swift; path = ProyectoFinal1Tests.swift; sourceTree = "<group>"; };
		07C8F5ED1CC6898A00A22DF0 /* Info.plist */ = {isa = PBXFileReference; lastKnownFileType = text.plist.xml; path = Info.plist; sourceTree = "<group>"; };
		07C8F5F21CC6898A00A22DF0 /* ProyectoFinal1UITests.xctest */ = {isa = PBXFileReference; explicitFileType = wrapper.cfbundle; includeInIndex = 0; path = ProyectoFinal1UITests.xctest; sourceTree = BUILT_PRODUCTS_DIR; };
		07C8F5F61CC6898A00A22DF0 /* ProyectoFinal1UITests.swift */ = {isa = PBXFileReference; lastKnownFileType = sourcecode.swift; path = ProyectoFinal1UITests.swift; sourceTree = "<group>"; };
		07C8F5F81CC6898A00A22DF0 /* Info.plist */ = {isa = PBXFileReference; lastKnownFileType = text.plist.xml; path = Info.plist; sourceTree = "<group>"; };
		07C8F61C1CC6E53500A22DF0 /* VC.swift */ = {isa = PBXFileReference; fileEncoding = 4; lastKnownFileType = sourcecode.swift; path = VC.swift; sourceTree = "<group>"; };
		07C8F61E1CC6E54500A22DF0 /* VCP.swift */ = {isa = PBXFileReference; fileEncoding = 4; lastKnownFileType = sourcecode.swift; path = VCP.swift; sourceTree = "<group>"; };
		07CB256F1CD7B5E80006CD62 /* ARAnnotation.swift */ = {isa = PBXFileReference; fileEncoding = 4; lastKnownFileType = sourcecode.swift; path = ARAnnotation.swift; sourceTree = "<group>"; };
		07CB25701CD7B5E80006CD62 /* ARAnnotationView.swift */ = {isa = PBXFileReference; fileEncoding = 4; lastKnownFileType = sourcecode.swift; path = ARAnnotationView.swift; sourceTree = "<group>"; };
		07CB25711CD7B5E80006CD62 /* ARConfiguration.swift */ = {isa = PBXFileReference; fileEncoding = 4; lastKnownFileType = sourcecode.swift; path = ARConfiguration.swift; sourceTree = "<group>"; };
		07CB25721CD7B5E80006CD62 /* ARTrackingManager.swift */ = {isa = PBXFileReference; fileEncoding = 4; lastKnownFileType = sourcecode.swift; path = ARTrackingManager.swift; sourceTree = "<group>"; };
		07CB25731CD7B5E80006CD62 /* ARViewController.swift */ = {isa = PBXFileReference; fileEncoding = 4; lastKnownFileType = sourcecode.swift; path = ARViewController.swift; sourceTree = "<group>"; };
		07CB257A1CD7B5FC0006CD62 /* DebugMapViewController.swift */ = {isa = PBXFileReference; fileEncoding = 4; lastKnownFileType = sourcecode.swift; path = DebugMapViewController.swift; sourceTree = "<group>"; };
		07CB257D1CD7B62F0006CD62 /* DebugMapViewController.xib */ = {isa = PBXFileReference; fileEncoding = 4; lastKnownFileType = file.xib; path = DebugMapViewController.xib; sourceTree = "<group>"; };
		07CB257E1CD7B62F0006CD62 /* hdar_close.png */ = {isa = PBXFileReference; lastKnownFileType = image.png; path = hdar_close.png; sourceTree = "<group>"; };
		07CB257F1CD7B62F0006CD62 /* hdar_close@2x.png */ = {isa = PBXFileReference; lastKnownFileType = image.png; path = "hdar_close@2x.png"; sourceTree = "<group>"; };
		07CB25801CD7B62F0006CD62 /* hdar_close@3x.png */ = {isa = PBXFileReference; lastKnownFileType = image.png; path = "hdar_close@3x.png"; sourceTree = "<group>"; };
		07CB25851CD7B6E60006CD62 /* CoreLocation.framework */ = {isa = PBXFileReference; lastKnownFileType = wrapper.framework; name = CoreLocation.framework; path = System/Library/Frameworks/CoreLocation.framework; sourceTree = SDKROOT; };
		07CB25871CD7B6EC0006CD62 /* CoreMotion.framework */ = {isa = PBXFileReference; lastKnownFileType = wrapper.framework; name = CoreMotion.framework; path = System/Library/Frameworks/CoreMotion.framework; sourceTree = SDKROOT; };
		07CB25891CD7B6FC0006CD62 /* MapKit.framework */ = {isa = PBXFileReference; lastKnownFileType = wrapper.framework; name = MapKit.framework; path = System/Library/Frameworks/MapKit.framework; sourceTree = SDKROOT; };
		07CB258B1CD7B8620006CD62 /* TestAnnotationView.swift */ = {isa = PBXFileReference; fileEncoding = 4; lastKnownFileType = sourcecode.swift; path = TestAnnotationView.swift; sourceTree = "<group>"; };
		07F198F41CC7131F00B4627D /* ProyectoFinal1W.app */ = {isa = PBXFileReference; explicitFileType = wrapper.application; includeInIndex = 0; path = ProyectoFinal1W.app; sourceTree = BUILT_PRODUCTS_DIR; };
		07F198F71CC7131F00B4627D /* Base */ = {isa = PBXFileReference; lastKnownFileType = file.storyboard; name = Base; path = Base.lproj/Interface.storyboard; sourceTree = "<group>"; };
		07F198F91CC7131F00B4627D /* Assets.xcassets */ = {isa = PBXFileReference; lastKnownFileType = folder.assetcatalog; path = Assets.xcassets; sourceTree = "<group>"; };
		07F198FB1CC7131F00B4627D /* Info.plist */ = {isa = PBXFileReference; lastKnownFileType = text.plist.xml; path = Info.plist; sourceTree = "<group>"; };
		07F199001CC7132000B4627D /* ProyectoFinal1W Extension.appex */ = {isa = PBXFileReference; explicitFileType = "wrapper.app-extension"; includeInIndex = 0; path = "ProyectoFinal1W Extension.appex"; sourceTree = BUILT_PRODUCTS_DIR; };
		07F199061CC7132000B4627D /* PushNotificationPayload.apns */ = {isa = PBXFileReference; lastKnownFileType = text; path = PushNotificationPayload.apns; sourceTree = "<group>"; };
		07F199071CC7132000B4627D /* InterfaceController.swift */ = {isa = PBXFileReference; lastKnownFileType = sourcecode.swift; path = InterfaceController.swift; sourceTree = "<group>"; };
		07F199091CC7132000B4627D /* ExtensionDelegate.swift */ = {isa = PBXFileReference; lastKnownFileType = sourcecode.swift; path = ExtensionDelegate.swift; sourceTree = "<group>"; };
		07F1990D1CC7132000B4627D /* Assets.xcassets */ = {isa = PBXFileReference; lastKnownFileType = folder.assetcatalog; path = Assets.xcassets; sourceTree = "<group>"; };
		07F1990F1CC7132000B4627D /* Info.plist */ = {isa = PBXFileReference; lastKnownFileType = text.plist.xml; path = Info.plist; sourceTree = "<group>"; };
		07F1991D1CC7E01C00B4627D /* TVC.swift */ = {isa = PBXFileReference; fileEncoding = 4; lastKnownFileType = sourcecode.swift; path = TVC.swift; sourceTree = "<group>"; };
		07F1991F1CC7E11200B4627D /* VCnuevo.swift */ = {isa = PBXFileReference; fileEncoding = 4; lastKnownFileType = sourcecode.swift; path = VCnuevo.swift; sourceTree = "<group>"; };
		07FF64E41CC6ECE900BBF594 /* NVC.swift */ = {isa = PBXFileReference; fileEncoding = 4; lastKnownFileType = sourcecode.swift; path = NVC.swift; sourceTree = "<group>"; };
/* End PBXFileReference section */

/* Begin PBXFrameworksBuildPhase section */
		07C8F5CD1CC6898A00A22DF0 /* Frameworks */ = {
			isa = PBXFrameworksBuildPhase;
			buildActionMask = 2147483647;
			files = (
				07CB258A1CD7B6FC0006CD62 /* MapKit.framework in Frameworks */,
				07CB25881CD7B6EC0006CD62 /* CoreMotion.framework in Frameworks */,
				07CB25861CD7B6E60006CD62 /* CoreLocation.framework in Frameworks */,
				07A67C041CCAC51E0021C5B7 /* WatchConnectivity.framework in Frameworks */,
			);
			runOnlyForDeploymentPostprocessing = 0;
		};
		07C8F5E41CC6898A00A22DF0 /* Frameworks */ = {
			isa = PBXFrameworksBuildPhase;
			buildActionMask = 2147483647;
			files = (
			);
			runOnlyForDeploymentPostprocessing = 0;
		};
		07C8F5EF1CC6898A00A22DF0 /* Frameworks */ = {
			isa = PBXFrameworksBuildPhase;
			buildActionMask = 2147483647;
			files = (
			);
			runOnlyForDeploymentPostprocessing = 0;
		};
		07F198FD1CC7132000B4627D /* Frameworks */ = {
			isa = PBXFrameworksBuildPhase;
			buildActionMask = 2147483647;
			files = (
			);
			runOnlyForDeploymentPostprocessing = 0;
		};
/* End PBXFrameworksBuildPhase section */

/* Begin PBXGroup section */
		07C8F5C71CC6898A00A22DF0 = {
			isa = PBXGroup;
			children = (
				07CB25891CD7B6FC0006CD62 /* MapKit.framework */,
				07CB25871CD7B6EC0006CD62 /* CoreMotion.framework */,
				07CB25851CD7B6E60006CD62 /* CoreLocation.framework */,
				07A67C031CCAC51E0021C5B7 /* WatchConnectivity.framework */,
				07C8F5D21CC6898A00A22DF0 /* ProyectoFinal1 */,
				07C8F5EA1CC6898A00A22DF0 /* ProyectoFinal1Tests */,
				07C8F5F51CC6898A00A22DF0 /* ProyectoFinal1UITests */,
				07F198F51CC7131F00B4627D /* ProyectoFinal1W */,
				07F199041CC7132000B4627D /* ProyectoFinal1W Extension */,
				07C8F5D11CC6898A00A22DF0 /* Products */,
			);
			sourceTree = "<group>";
		};
		07C8F5D11CC6898A00A22DF0 /* Products */ = {
			isa = PBXGroup;
			children = (
				07C8F5D01CC6898A00A22DF0 /* ProyectoFinal1.app */,
				07C8F5E71CC6898A00A22DF0 /* ProyectoFinal1Tests.xctest */,
				07C8F5F21CC6898A00A22DF0 /* ProyectoFinal1UITests.xctest */,
				07F198F41CC7131F00B4627D /* ProyectoFinal1W.app */,
				07F199001CC7132000B4627D /* ProyectoFinal1W Extension.appex */,
			);
			name = Products;
			sourceTree = "<group>";
		};
		07C8F5D21CC6898A00A22DF0 /* ProyectoFinal1 */ = {
			isa = PBXGroup;
			children = (
				07CB257C1CD7B6140006CD62 /* resources */,
				07CB256E1CD7B5AF0006CD62 /* Classes */,
				0701DA901CD955D4002F9A2F /* VCEventos.swift */,
				07A67C011CCAC0F50021C5B7 /* ProyectoFinal1.entitlements */,
				0701DA921CD9588A002F9A2F /* TVCEventos.swift */,
				07C8F5D31CC6898A00A22DF0 /* AppDelegate.swift */,
				07FF64E41CC6ECE900BBF594 /* NVC.swift */,
				07C8F61E1CC6E54500A22DF0 /* VCP.swift */,
				07C8F5D51CC6898A00A22DF0 /* ViewController.swift */,
				07C8F61C1CC6E53500A22DF0 /* VC.swift */,
				07F1991D1CC7E01C00B4627D /* TVC.swift */,
				07F1991F1CC7E11200B4627D /* VCnuevo.swift */,
				07C8F5D71CC6898A00A22DF0 /* Main.storyboard */,
				07C8F5DD1CC6898A00A22DF0 /* Assets.xcassets */,
				07C8F5DF1CC6898A00A22DF0 /* LaunchScreen.storyboard */,
				07C8F5E21CC6898A00A22DF0 /* Info.plist */,
				07C8F5DA1CC6898A00A22DF0 /* ProyectoFinal1.xcdatamodeld */,
				07CB258B1CD7B8620006CD62 /* TestAnnotationView.swift */,
				073386781CC9281500C36602 /* VCMapa.swift */,
				07A67AFF1CCA85E90021C5B7 /* VCMapaDos.swift */,
			);
			path = ProyectoFinal1;
			sourceTree = "<group>";
		};
		07C8F5EA1CC6898A00A22DF0 /* ProyectoFinal1Tests */ = {
			isa = PBXGroup;
			children = (
				07C8F5EB1CC6898A00A22DF0 /* ProyectoFinal1Tests.swift */,
				07C8F5ED1CC6898A00A22DF0 /* Info.plist */,
			);
			path = ProyectoFinal1Tests;
			sourceTree = "<group>";
		};
		07C8F5F51CC6898A00A22DF0 /* ProyectoFinal1UITests */ = {
			isa = PBXGroup;
			children = (
				07C8F5F61CC6898A00A22DF0 /* ProyectoFinal1UITests.swift */,
				07C8F5F81CC6898A00A22DF0 /* Info.plist */,
			);
			path = ProyectoFinal1UITests;
			sourceTree = "<group>";
		};
		07CB256E1CD7B5AF0006CD62 /* Classes */ = {
			isa = PBXGroup;
			children = (
				07CB256F1CD7B5E80006CD62 /* ARAnnotation.swift */,
				07CB25701CD7B5E80006CD62 /* ARAnnotationView.swift */,
				07CB25711CD7B5E80006CD62 /* ARConfiguration.swift */,
				07CB25721CD7B5E80006CD62 /* ARTrackingManager.swift */,
				07CB25731CD7B5E80006CD62 /* ARViewController.swift */,
				07CB25791CD7B5EF0006CD62 /* debug */,
			);
			name = Classes;
			sourceTree = "<group>";
		};
		07CB25791CD7B5EF0006CD62 /* debug */ = {
			isa = PBXGroup;
			children = (
				07CB257A1CD7B5FC0006CD62 /* DebugMapViewController.swift */,
			);
			name = debug;
			sourceTree = "<group>";
		};
		07CB257C1CD7B6140006CD62 /* resources */ = {
			isa = PBXGroup;
			children = (
				07CB257D1CD7B62F0006CD62 /* DebugMapViewController.xib */,
				07CB257E1CD7B62F0006CD62 /* hdar_close.png */,
				07CB257F1CD7B62F0006CD62 /* hdar_close@2x.png */,
				07CB25801CD7B62F0006CD62 /* hdar_close@3x.png */,
			);
			name = resources;
			path = ..;
			sourceTree = "<group>";
		};
		07F198F51CC7131F00B4627D /* ProyectoFinal1W */ = {
			isa = PBXGroup;
			children = (
				07A67C021CCAC21F0021C5B7 /* ProyectoFinal1W.entitlements */,
				07F198F61CC7131F00B4627D /* Interface.storyboard */,
				07F198F91CC7131F00B4627D /* Assets.xcassets */,
				07F198FB1CC7131F00B4627D /* Info.plist */,
			);
			path = ProyectoFinal1W;
			sourceTree = "<group>";
		};
		07F199041CC7132000B4627D /* ProyectoFinal1W Extension */ = {
			isa = PBXGroup;
			children = (
				07F199071CC7132000B4627D /* InterfaceController.swift */,
				07F199091CC7132000B4627D /* ExtensionDelegate.swift */,
				07F1990D1CC7132000B4627D /* Assets.xcassets */,
				07F1990F1CC7132000B4627D /* Info.plist */,
				07F199051CC7132000B4627D /* Supporting Files */,
			);
			path = "ProyectoFinal1W Extension";
			sourceTree = "<group>";
		};
		07F199051CC7132000B4627D /* Supporting Files */ = {
			isa = PBXGroup;
			children = (
				07F199061CC7132000B4627D /* PushNotificationPayload.apns */,
			);
			name = "Supporting Files";
			sourceTree = "<group>";
		};
/* End PBXGroup section */

/* Begin PBXNativeTarget section */
		07C8F5CF1CC6898A00A22DF0 /* ProyectoFinal1 */ = {
			isa = PBXNativeTarget;
			buildConfigurationList = 07C8F5FB1CC6898A00A22DF0 /* Build configuration list for PBXNativeTarget "ProyectoFinal1" */;
			buildPhases = (
				07C8F5CC1CC6898A00A22DF0 /* Sources */,
				07C8F5CD1CC6898A00A22DF0 /* Frameworks */,
				07C8F5CE1CC6898A00A22DF0 /* Resources */,
				07F1991A1CC7132000B4627D /* Embed Watch Content */,
			);
			buildRules = (
			);
			dependencies = (
				07F199111CC7132000B4627D /* PBXTargetDependency */,
			);
			name = ProyectoFinal1;
			productName = ProyectoFinal1;
			productReference = 07C8F5D01CC6898A00A22DF0 /* ProyectoFinal1.app */;
			productType = "com.apple.product-type.application";
		};
		07C8F5E61CC6898A00A22DF0 /* ProyectoFinal1Tests */ = {
			isa = PBXNativeTarget;
			buildConfigurationList = 07C8F5FE1CC6898A00A22DF0 /* Build configuration list for PBXNativeTarget "ProyectoFinal1Tests" */;
			buildPhases = (
				07C8F5E31CC6898A00A22DF0 /* Sources */,
				07C8F5E41CC6898A00A22DF0 /* Frameworks */,
				07C8F5E51CC6898A00A22DF0 /* Resources */,
			);
			buildRules = (
			);
			dependencies = (
				07C8F5E91CC6898A00A22DF0 /* PBXTargetDependency */,
			);
			name = ProyectoFinal1Tests;
			productName = ProyectoFinal1Tests;
			productReference = 07C8F5E71CC6898A00A22DF0 /* ProyectoFinal1Tests.xctest */;
			productType = "com.apple.product-type.bundle.unit-test";
		};
		07C8F5F11CC6898A00A22DF0 /* ProyectoFinal1UITests */ = {
			isa = PBXNativeTarget;
			buildConfigurationList = 07C8F6011CC6898A00A22DF0 /* Build configuration list for PBXNativeTarget "ProyectoFinal1UITests" */;
			buildPhases = (
				07C8F5EE1CC6898A00A22DF0 /* Sources */,
				07C8F5EF1CC6898A00A22DF0 /* Frameworks */,
				07C8F5F01CC6898A00A22DF0 /* Resources */,
			);
			buildRules = (
			);
			dependencies = (
				07C8F5F41CC6898A00A22DF0 /* PBXTargetDependency */,
			);
			name = ProyectoFinal1UITests;
			productName = ProyectoFinal1UITests;
			productReference = 07C8F5F21CC6898A00A22DF0 /* ProyectoFinal1UITests.xctest */;
			productType = "com.apple.product-type.bundle.ui-testing";
		};
		07F198F31CC7131F00B4627D /* ProyectoFinal1W */ = {
			isa = PBXNativeTarget;
			buildConfigurationList = 07F199191CC7132000B4627D /* Build configuration list for PBXNativeTarget "ProyectoFinal1W" */;
			buildPhases = (
				07F198F21CC7131F00B4627D /* Resources */,
				07F199181CC7132000B4627D /* Embed App Extensions */,
			);
			buildRules = (
			);
			dependencies = (
				07F199031CC7132000B4627D /* PBXTargetDependency */,
			);
			name = ProyectoFinal1W;
			productName = ProyectoFinal1W;
			productReference = 07F198F41CC7131F00B4627D /* ProyectoFinal1W.app */;
			productType = "com.apple.product-type.application.watchapp2";
		};
		07F198FF1CC7132000B4627D /* ProyectoFinal1W Extension */ = {
			isa = PBXNativeTarget;
			buildConfigurationList = 07F199171CC7132000B4627D /* Build configuration list for PBXNativeTarget "ProyectoFinal1W Extension" */;
			buildPhases = (
				07F198FC1CC7132000B4627D /* Sources */,
				07F198FD1CC7132000B4627D /* Frameworks */,
				07F198FE1CC7132000B4627D /* Resources */,
			);
			buildRules = (
			);
			dependencies = (
			);
			name = "ProyectoFinal1W Extension";
			productName = "ProyectoFinal1W Extension";
			productReference = 07F199001CC7132000B4627D /* ProyectoFinal1W Extension.appex */;
			productType = "com.apple.product-type.watchkit2-extension";
		};
/* End PBXNativeTarget section */

/* Begin PBXProject section */
		07C8F5C81CC6898A00A22DF0 /* Project object */ = {
			isa = PBXProject;
			attributes = {
				LastSwiftUpdateCheck = 0730;
				LastUpgradeCheck = 0730;
				ORGANIZATIONNAME = "Carlos Buitrago";
				TargetAttributes = {
					07C8F5CF1CC6898A00A22DF0 = {
						CreatedOnToolsVersion = 7.3;
						DevelopmentTeam = 87389MM3B7;
						SystemCapabilities = {
							com.apple.ApplicationGroups.iOS = {
								enabled = 0;
							};
						};
					};
					07C8F5E61CC6898A00A22DF0 = {
						CreatedOnToolsVersion = 7.3;
						DevelopmentTeam = 87389MM3B7;
						TestTargetID = 07C8F5CF1CC6898A00A22DF0;
					};
					07C8F5F11CC6898A00A22DF0 = {
						CreatedOnToolsVersion = 7.3;
						DevelopmentTeam = 87389MM3B7;
						TestTargetID = 07C8F5CF1CC6898A00A22DF0;
					};
					07F198F31CC7131F00B4627D = {
						CreatedOnToolsVersion = 7.3;
						DevelopmentTeam = 87389MM3B7;
						SystemCapabilities = {
							com.apple.ApplicationGroups.iOS = {
								enabled = 0;
							};
						};
					};
					07F198FF1CC7132000B4627D = {
						CreatedOnToolsVersion = 7.3;
						DevelopmentTeam = 87389MM3B7;
					};
				};
			};
			buildConfigurationList = 07C8F5CB1CC6898A00A22DF0 /* Build configuration list for PBXProject "ProyectoFinal1" */;
			compatibilityVersion = "Xcode 3.2";
			developmentRegion = English;
			hasScannedForEncodings = 0;
			knownRegions = (
				en,
				Base,
			);
			mainGroup = 07C8F5C71CC6898A00A22DF0;
			productRefGroup = 07C8F5D11CC6898A00A22DF0 /* Products */;
			projectDirPath = "";
			projectRoot = "";
			targets = (
				07C8F5CF1CC6898A00A22DF0 /* ProyectoFinal1 */,
				07C8F5E61CC6898A00A22DF0 /* ProyectoFinal1Tests */,
				07C8F5F11CC6898A00A22DF0 /* ProyectoFinal1UITests */,
				07F198F31CC7131F00B4627D /* ProyectoFinal1W */,
				07F198FF1CC7132000B4627D /* ProyectoFinal1W Extension */,
			);
		};
/* End PBXProject section */

/* Begin PBXResourcesBuildPhase section */
		07C8F5CE1CC6898A00A22DF0 /* Resources */ = {
			isa = PBXResourcesBuildPhase;
			buildActionMask = 2147483647;
			files = (
				07CB25821CD7B62F0006CD62 /* hdar_close.png in Resources */,
				07CB25811CD7B62F0006CD62 /* DebugMapViewController.xib in Resources */,
				07C8F5E11CC6898A00A22DF0 /* LaunchScreen.storyboard in Resources */,
				07CB25841CD7B62F0006CD62 /* hdar_close@3x.png in Resources */,
				07C8F5DE1CC6898A00A22DF0 /* Assets.xcassets in Resources */,
				07CB25831CD7B62F0006CD62 /* hdar_close@2x.png in Resources */,
				07C8F5D91CC6898A00A22DF0 /* Main.storyboard in Resources */,
			);
			runOnlyForDeploymentPostprocessing = 0;
		};
		07C8F5E51CC6898A00A22DF0 /* Resources */ = {
			isa = PBXResourcesBuildPhase;
			buildActionMask = 2147483647;
			files = (
			);
			runOnlyForDeploymentPostprocessing = 0;
		};
		07C8F5F01CC6898A00A22DF0 /* Resources */ = {
			isa = PBXResourcesBuildPhase;
			buildActionMask = 2147483647;
			files = (
			);
			runOnlyForDeploymentPostprocessing = 0;
		};
		07F198F21CC7131F00B4627D /* Resources */ = {
			isa = PBXResourcesBuildPhase;
			buildActionMask = 2147483647;
			files = (
				07F198FA1CC7131F00B4627D /* Assets.xcassets in Resources */,
				07F198F81CC7131F00B4627D /* Interface.storyboard in Resources */,
			);
			runOnlyForDeploymentPostprocessing = 0;
		};
		07F198FE1CC7132000B4627D /* Resources */ = {
			isa = PBXResourcesBuildPhase;
			buildActionMask = 2147483647;
			files = (
				07F1990E1CC7132000B4627D /* Assets.xcassets in Resources */,
			);
			runOnlyForDeploymentPostprocessing = 0;
		};
/* End PBXResourcesBuildPhase section */

/* Begin PBXSourcesBuildPhase section */
		07C8F5CC1CC6898A00A22DF0 /* Sources */ = {
			isa = PBXSourcesBuildPhase;
			buildActionMask = 2147483647;
			files = (
				07CB257B1CD7B5FC0006CD62 /* DebugMapViewController.swift in Sources */,
				07CB258C1CD7B8630006CD62 /* TestAnnotationView.swift in Sources */,
				07A67B001CCA85E90021C5B7 /* VCMapaDos.swift in Sources */,
				07C8F61D1CC6E53500A22DF0 /* VC.swift in Sources */,
				0701DA931CD9588A002F9A2F /* TVCEventos.swift in Sources */,
				07C8F5DC1CC6898A00A22DF0 /* ProyectoFinal1.xcdatamodeld in Sources */,
				07CB25781CD7B5E80006CD62 /* ARViewController.swift in Sources */,
				07C8F61F1CC6E54500A22DF0 /* VCP.swift in Sources */,
				073386791CC9281500C36602 /* VCMapa.swift in Sources */,
				07CB25761CD7B5E80006CD62 /* ARConfiguration.swift in Sources */,
				07CB25771CD7B5E80006CD62 /* ARTrackingManager.swift in Sources */,
				07C8F5D61CC6898A00A22DF0 /* ViewController.swift in Sources */,
				07C8F5D41CC6898A00A22DF0 /* AppDelegate.swift in Sources */,
				07CB25741CD7B5E80006CD62 /* ARAnnotation.swift in Sources */,
				07F1991E1CC7E01C00B4627D /* TVC.swift in Sources */,
				07CB25751CD7B5E80006CD62 /* ARAnnotationView.swift in Sources */,
				0701DA911CD955D4002F9A2F /* VCEventos.swift in Sources */,
				07F199201CC7E11200B4627D /* VCnuevo.swift in Sources */,
				07FF64E51CC6ECE900BBF594 /* NVC.swift in Sources */,
			);
			runOnlyForDeploymentPostprocessing = 0;
		};
		07C8F5E31CC6898A00A22DF0 /* Sources */ = {
			isa = PBXSourcesBuildPhase;
			buildActionMask = 2147483647;
			files = (
				07C8F5EC1CC6898A00A22DF0 /* ProyectoFinal1Tests.swift in Sources */,
			);
			runOnlyForDeploymentPostprocessing = 0;
		};
		07C8F5EE1CC6898A00A22DF0 /* Sources */ = {
			isa = PBXSourcesBuildPhase;
			buildActionMask = 2147483647;
			files = (
				07C8F5F71CC6898A00A22DF0 /* ProyectoFinal1UITests.swift in Sources */,
			);
			runOnlyForDeploymentPostprocessing = 0;
		};
		07F198FC1CC7132000B4627D /* Sources */ = {
			isa = PBXSourcesBuildPhase;
			buildActionMask = 2147483647;
			files = (
				07F1990A1CC7132000B4627D /* ExtensionDelegate.swift in Sources */,
				07F199081CC7132000B4627D /* InterfaceController.swift in Sources */,
			);
			runOnlyForDeploymentPostprocessing = 0;
		};
/* End PBXSourcesBuildPhase section */

/* Begin PBXTargetDependency section */
		07C8F5E91CC6898A00A22DF0 /* PBXTargetDependency */ = {
			isa = PBXTargetDependency;
			target = 07C8F5CF1CC6898A00A22DF0 /* ProyectoFinal1 */;
			targetProxy = 07C8F5E81CC6898A00A22DF0 /* PBXContainerItemProxy */;
		};
		07C8F5F41CC6898A00A22DF0 /* PBXTargetDependency */ = {
			isa = PBXTargetDependency;
			target = 07C8F5CF1CC6898A00A22DF0 /* ProyectoFinal1 */;
			targetProxy = 07C8F5F31CC6898A00A22DF0 /* PBXContainerItemProxy */;
		};
		07F199031CC7132000B4627D /* PBXTargetDependency */ = {
			isa = PBXTargetDependency;
			target = 07F198FF1CC7132000B4627D /* ProyectoFinal1W Extension */;
			targetProxy = 07F199021CC7132000B4627D /* PBXContainerItemProxy */;
		};
		07F199111CC7132000B4627D /* PBXTargetDependency */ = {
			isa = PBXTargetDependency;
			target = 07F198F31CC7131F00B4627D /* ProyectoFinal1W */;
			targetProxy = 07F199101CC7132000B4627D /* PBXContainerItemProxy */;
		};
/* End PBXTargetDependency section */

/* Begin PBXVariantGroup section */
		07C8F5D71CC6898A00A22DF0 /* Main.storyboard */ = {
			isa = PBXVariantGroup;
			children = (
				07C8F5D81CC6898A00A22DF0 /* Base */,
			);
			name = Main.storyboard;
			sourceTree = "<group>";
		};
		07C8F5DF1CC6898A00A22DF0 /* LaunchScreen.storyboard */ = {
			isa = PBXVariantGroup;
			children = (
				07C8F5E01CC6898A00A22DF0 /* Base */,
			);
			name = LaunchScreen.storyboard;
			sourceTree = "<group>";
		};
		07F198F61CC7131F00B4627D /* Interface.storyboard */ = {
			isa = PBXVariantGroup;
			children = (
				07F198F71CC7131F00B4627D /* Base */,
			);
			name = Interface.storyboard;
			sourceTree = "<group>";
		};
/* End PBXVariantGroup section */

/* Begin XCBuildConfiguration section */
		07C8F5F91CC6898A00A22DF0 /* Debug */ = {
			isa = XCBuildConfiguration;
			buildSettings = {
				ALWAYS_SEARCH_USER_PATHS = NO;
				CLANG_ANALYZER_NONNULL = YES;
				CLANG_CXX_LANGUAGE_STANDARD = "gnu++0x";
				CLANG_CXX_LIBRARY = "libc++";
				CLANG_ENABLE_MODULES = YES;
				CLANG_ENABLE_OBJC_ARC = YES;
				CLANG_WARN_BOOL_CONVERSION = YES;
				CLANG_WARN_CONSTANT_CONVERSION = YES;
				CLANG_WARN_DIRECT_OBJC_ISA_USAGE = YES_ERROR;
				CLANG_WARN_EMPTY_BODY = YES;
				CLANG_WARN_ENUM_CONVERSION = YES;
				CLANG_WARN_INT_CONVERSION = YES;
				CLANG_WARN_OBJC_ROOT_CLASS = YES_ERROR;
				CLANG_WARN_UNREACHABLE_CODE = YES;
				CLANG_WARN__DUPLICATE_METHOD_MATCH = YES;
				"CODE_SIGN_IDENTITY[sdk=iphoneos*]" = "iPhone Developer";
				COPY_PHASE_STRIP = NO;
				DEBUG_INFORMATION_FORMAT = dwarf;
				ENABLE_STRICT_OBJC_MSGSEND = YES;
				ENABLE_TESTABILITY = YES;
				GCC_C_LANGUAGE_STANDARD = gnu99;
				GCC_DYNAMIC_NO_PIC = NO;
				GCC_NO_COMMON_BLOCKS = YES;
				GCC_OPTIMIZATION_LEVEL = 0;
				GCC_PREPROCESSOR_DEFINITIONS = (
					"DEBUG=1",
					"$(inherited)",
				);
				GCC_WARN_64_TO_32_BIT_CONVERSION = YES;
				GCC_WARN_ABOUT_RETURN_TYPE = YES_ERROR;
				GCC_WARN_UNDECLARED_SELECTOR = YES;
				GCC_WARN_UNINITIALIZED_AUTOS = YES_AGGRESSIVE;
				GCC_WARN_UNUSED_FUNCTION = YES;
				GCC_WARN_UNUSED_VARIABLE = YES;
				IPHONEOS_DEPLOYMENT_TARGET = 9.3;
				MTL_ENABLE_DEBUG_INFO = YES;
				ONLY_ACTIVE_ARCH = YES;
				SDKROOT = iphoneos;
				SWIFT_OPTIMIZATION_LEVEL = "-Onone";
				TARGETED_DEVICE_FAMILY = "1,2";
			};
			name = Debug;
		};
		07C8F5FA1CC6898A00A22DF0 /* Release */ = {
			isa = XCBuildConfiguration;
			buildSettings = {
				ALWAYS_SEARCH_USER_PATHS = NO;
				CLANG_ANALYZER_NONNULL = YES;
				CLANG_CXX_LANGUAGE_STANDARD = "gnu++0x";
				CLANG_CXX_LIBRARY = "libc++";
				CLANG_ENABLE_MODULES = YES;
				CLANG_ENABLE_OBJC_ARC = YES;
				CLANG_WARN_BOOL_CONVERSION = YES;
				CLANG_WARN_CONSTANT_CONVERSION = YES;
				CLANG_WARN_DIRECT_OBJC_ISA_USAGE = YES_ERROR;
				CLANG_WARN_EMPTY_BODY = YES;
				CLANG_WARN_ENUM_CONVERSION = YES;
				CLANG_WARN_INT_CONVERSION = YES;
				CLANG_WARN_OBJC_ROOT_CLASS = YES_ERROR;
				CLANG_WARN_UNREACHABLE_CODE = YES;
				CLANG_WARN__DUPLICATE_METHOD_MATCH = YES;
				"CODE_SIGN_IDENTITY[sdk=iphoneos*]" = "iPhone Developer";
				COPY_PHASE_STRIP = NO;
				DEBUG_INFORMATION_FORMAT = "dwarf-with-dsym";
				ENABLE_NS_ASSERTIONS = NO;
				ENABLE_STRICT_OBJC_MSGSEND = YES;
				GCC_C_LANGUAGE_STANDARD = gnu99;
				GCC_NO_COMMON_BLOCKS = YES;
				GCC_WARN_64_TO_32_BIT_CONVERSION = YES;
				GCC_WARN_ABOUT_RETURN_TYPE = YES_ERROR;
				GCC_WARN_UNDECLARED_SELECTOR = YES;
				GCC_WARN_UNINITIALIZED_AUTOS = YES_AGGRESSIVE;
				GCC_WARN_UNUSED_FUNCTION = YES;
				GCC_WARN_UNUSED_VARIABLE = YES;
				IPHONEOS_DEPLOYMENT_TARGET = 9.3;
				MTL_ENABLE_DEBUG_INFO = NO;
				SDKROOT = iphoneos;
				TARGETED_DEVICE_FAMILY = "1,2";
				VALIDATE_PRODUCT = YES;
			};
			name = Release;
		};
		07C8F5FC1CC6898A00A22DF0 /* Debug */ = {
			isa = XCBuildConfiguration;
			buildSettings = {
				ASSETCATALOG_COMPILER_APPICON_NAME = AppIcon;
				INFOPLIST_FILE = ProyectoFinal1/Info.plist;
				LD_RUNPATH_SEARCH_PATHS = "$(inherited) @executable_path/Frameworks";
				PRODUCT_BUNDLE_IDENTIFIER = co.cabr93.ProyectoFinal1;
				PRODUCT_NAME = "$(TARGET_NAME)";
			};
			name = Debug;
		};
		07C8F5FD1CC6898A00A22DF0 /* Release */ = {
			isa = XCBuildConfiguration;
			buildSettings = {
				ASSETCATALOG_COMPILER_APPICON_NAME = AppIcon;
				INFOPLIST_FILE = ProyectoFinal1/Info.plist;
				LD_RUNPATH_SEARCH_PATHS = "$(inherited) @executable_path/Frameworks";
				PRODUCT_BUNDLE_IDENTIFIER = co.cabr93.ProyectoFinal1;
				PRODUCT_NAME = "$(TARGET_NAME)";
			};
			name = Release;
		};
		07C8F5FF1CC6898A00A22DF0 /* Debug */ = {
			isa = XCBuildConfiguration;
			buildSettings = {
				BUNDLE_LOADER = "$(TEST_HOST)";
				INFOPLIST_FILE = ProyectoFinal1Tests/Info.plist;
				LD_RUNPATH_SEARCH_PATHS = "$(inherited) @executable_path/Frameworks @loader_path/Frameworks";
				PRODUCT_BUNDLE_IDENTIFIER = co.cabr93.ProyectoFinal1Tests;
				PRODUCT_NAME = "$(TARGET_NAME)";
				TEST_HOST = "$(BUILT_PRODUCTS_DIR)/ProyectoFinal1.app/ProyectoFinal1";
			};
			name = Debug;
		};
		07C8F6001CC6898A00A22DF0 /* Release */ = {
			isa = XCBuildConfiguration;
			buildSettings = {
				BUNDLE_LOADER = "$(TEST_HOST)";
				INFOPLIST_FILE = ProyectoFinal1Tests/Info.plist;
				LD_RUNPATH_SEARCH_PATHS = "$(inherited) @executable_path/Frameworks @loader_path/Frameworks";
				PRODUCT_BUNDLE_IDENTIFIER = co.cabr93.ProyectoFinal1Tests;
				PRODUCT_NAME = "$(TARGET_NAME)";
				TEST_HOST = "$(BUILT_PRODUCTS_DIR)/ProyectoFinal1.app/ProyectoFinal1";
			};
			name = Release;
		};
		07C8F6021CC6898A00A22DF0 /* Debug */ = {
			isa = XCBuildConfiguration;
			buildSettings = {
				INFOPLIST_FILE = ProyectoFinal1UITests/Info.plist;
				LD_RUNPATH_SEARCH_PATHS = "$(inherited) @executable_path/Frameworks @loader_path/Frameworks";
				PRODUCT_BUNDLE_IDENTIFIER = co.cabr93.ProyectoFinal1UITests;
				PRODUCT_NAME = "$(TARGET_NAME)";
				TEST_TARGET_NAME = ProyectoFinal1;
			};
			name = Debug;
		};
		07C8F6031CC6898A00A22DF0 /* Release */ = {
			isa = XCBuildConfiguration;
			buildSettings = {
				INFOPLIST_FILE = ProyectoFinal1UITests/Info.plist;
				LD_RUNPATH_SEARCH_PATHS = "$(inherited) @executable_path/Frameworks @loader_path/Frameworks";
				PRODUCT_BUNDLE_IDENTIFIER = co.cabr93.ProyectoFinal1UITests;
				PRODUCT_NAME = "$(TARGET_NAME)";
				TEST_TARGET_NAME = ProyectoFinal1;
			};
			name = Release;
		};
		07F199131CC7132000B4627D /* Debug */ = {
			isa = XCBuildConfiguration;
			buildSettings = {
				ASSETCATALOG_COMPILER_APPICON_NAME = AppIcon;
				EMBEDDED_CONTENT_CONTAINS_SWIFT = YES;
				IBSC_MODULE = ProyectoFinal1W_Extension;
				INFOPLIST_FILE = ProyectoFinal1W/Info.plist;
				PRODUCT_BUNDLE_IDENTIFIER = co.cabr93.ProyectoFinal1.watchkitapp;
				PRODUCT_NAME = "$(TARGET_NAME)";
				SDKROOT = watchos;
				SKIP_INSTALL = YES;
				TARGETED_DEVICE_FAMILY = 4;
				WATCHOS_DEPLOYMENT_TARGET = 2.2;
			};
			name = Debug;
		};
		07F199141CC7132000B4627D /* Release */ = {
			isa = XCBuildConfiguration;
			buildSettings = {
				ASSETCATALOG_COMPILER_APPICON_NAME = AppIcon;
				EMBEDDED_CONTENT_CONTAINS_SWIFT = YES;
				IBSC_MODULE = ProyectoFinal1W_Extension;
				INFOPLIST_FILE = ProyectoFinal1W/Info.plist;
				PRODUCT_BUNDLE_IDENTIFIER = co.cabr93.ProyectoFinal1.watchkitapp;
				PRODUCT_NAME = "$(TARGET_NAME)";
				SDKROOT = watchos;
				SKIP_INSTALL = YES;
				TARGETED_DEVICE_FAMILY = 4;
				WATCHOS_DEPLOYMENT_TARGET = 2.2;
			};
			name = Release;
		};
		07F199151CC7132000B4627D /* Debug */ = {
			isa = XCBuildConfiguration;
			buildSettings = {
				INFOPLIST_FILE = "ProyectoFinal1W Extension/Info.plist";
				LD_RUNPATH_SEARCH_PATHS = "$(inherited) @executable_path/Frameworks @executable_path/../../Frameworks";
				PRODUCT_BUNDLE_IDENTIFIER = co.cabr93.ProyectoFinal1.watchkitapp.watchkitextension;
				PRODUCT_NAME = "${TARGET_NAME}";
				SDKROOT = watchos;
				SKIP_INSTALL = YES;
				TARGETED_DEVICE_FAMILY = 4;
				WATCHOS_DEPLOYMENT_TARGET = 2.2;
			};
			name = Debug;
		};
		07F199161CC7132000B4627D /* Release */ = {
			isa = XCBuildConfiguration;
			buildSettings = {
				INFOPLIST_FILE = "ProyectoFinal1W Extension/Info.plist";
				LD_RUNPATH_SEARCH_PATHS = "$(inherited) @executable_path/Frameworks @executable_path/../../Frameworks";
				PRODUCT_BUNDLE_IDENTIFIER = co.cabr93.ProyectoFinal1.watchkitapp.watchkitextension;
				PRODUCT_NAME = "${TARGET_NAME}";
				SDKROOT = watchos;
				SKIP_INSTALL = YES;
				TARGETED_DEVICE_FAMILY = 4;
				WATCHOS_DEPLOYMENT_TARGET = 2.2;
			};
			name = Release;
		};
/* End XCBuildConfiguration section */

/* Begin XCConfigurationList section */
		07C8F5CB1CC6898A00A22DF0 /* Build configuration list for PBXProject "ProyectoFinal1" */ = {
			isa = XCConfigurationList;
			buildConfigurations = (
				07C8F5F91CC6898A00A22DF0 /* Debug */,
				07C8F5FA1CC6898A00A22DF0 /* Release */,
			);
			defaultConfigurationIsVisible = 0;
			defaultConfigurationName = Release;
		};
		07C8F5FB1CC6898A00A22DF0 /* Build configuration list for PBXNativeTarget "ProyectoFinal1" */ = {
			isa = XCConfigurationList;
			buildConfigurations = (
				07C8F5FC1CC6898A00A22DF0 /* Debug */,
				07C8F5FD1CC6898A00A22DF0 /* Release */,
			);
			defaultConfigurationIsVisible = 0;
			defaultConfigurationName = Release;
		};
		07C8F5FE1CC6898A00A22DF0 /* Build configuration list for PBXNativeTarget "ProyectoFinal1Tests" */ = {
			isa = XCConfigurationList;
			buildConfigurations = (
				07C8F5FF1CC6898A00A22DF0 /* Debug */,
				07C8F6001CC6898A00A22DF0 /* Release */,
			);
			defaultConfigurationIsVisible = 0;
			defaultConfigurationName = Release;
		};
		07C8F6011CC6898A00A22DF0 /* Build configuration list for PBXNativeTarget "ProyectoFinal1UITests" */ = {
			isa = XCConfigurationList;
			buildConfigurations = (
				07C8F6021CC6898A00A22DF0 /* Debug */,
				07C8F6031CC6898A00A22DF0 /* Release */,
			);
			defaultConfigurationIsVisible = 0;
			defaultConfigurationName = Release;
		};
		07F199171CC7132000B4627D /* Build configuration list for PBXNativeTarget "ProyectoFinal1W Extension" */ = {
			isa = XCConfigurationList;
			buildConfigurations = (
				07F199151CC7132000B4627D /* Debug */,
				07F199161CC7132000B4627D /* Release */,
			);
			defaultConfigurationIsVisible = 0;
			defaultConfigurationName = Release;
		};
		07F199191CC7132000B4627D /* Build configuration list for PBXNativeTarget "ProyectoFinal1W" */ = {
			isa = XCConfigurationList;
			buildConfigurations = (
				07F199131CC7132000B4627D /* Debug */,
				07F199141CC7132000B4627D /* Release */,
			);
			defaultConfigurationIsVisible = 0;
			defaultConfigurationName = Release;
		};
/* End XCConfigurationList section */

/* Begin XCVersionGroup section */
		07C8F5DA1CC6898A00A22DF0 /* ProyectoFinal1.xcdatamodeld */ = {
			isa = XCVersionGroup;
			children = (
				07C8F5DB1CC6898A00A22DF0 /* ProyectoFinal1.xcdatamodel */,
			);
			currentVersion = 07C8F5DB1CC6898A00A22DF0 /* ProyectoFinal1.xcdatamodel */;
			path = ProyectoFinal1.xcdatamodeld;
			sourceTree = "<group>";
			versionGroupType = wrapper.xcdatamodel;
		};
/* End XCVersionGroup section */
	};
	rootObject = 07C8F5C81CC6898A00A22DF0 /* Project object */;
}
